
Microsoft Visual Studio Solution File, Format Version 12.00
# Visual Studio Version 17
VisualStudioVersion = 17.5.002.0
MinimumVisualStudioVersion = 10.0.40219.1
Project("{9A19103F-16F7-4668-BE54-9A1E7A4F7556}") = "ASE", "ASE.csproj", "{CAE16223-1195-4F79-8540-E5218CCAC523}"
EndProject
Project("{FAE04EC0-301F-11D3-BF4B-00C04F79EFBC}") = "MyProject.Tests", "MyProject.Tests\MyProject.Tests.csproj", "{A8F9351F-0A2C-4113-8AEE-3E94273D354E}"
EndProject
Global
	GlobalSection(SolutionConfigurationPlatforms) = preSolution
		Debug|Any CPU = Debug|Any CPU
		Release|Any CPU = Release|Any CPU
	EndGlobalSection
	GlobalSection(ProjectConfigurationPlatforms) = postSolution
		{CAE16223-1195-4F79-8540-E5218CCAC523}.Debug|Any CPU.ActiveCfg = Debug|Any CPU
		{CAE16223-1195-4F79-8540-E5218CCAC523}.Debug|Any CPU.Build.0 = Debug|Any CPU
		{CAE16223-1195-4F79-8540-E5218CCAC523}.Release|Any CPU.ActiveCfg = Release|Any CPU
		{CAE16223-1195-4F79-8540-E5218CCAC523}.Release|Any CPU.Build.0 = Release|Any CPU
		{A8F9351F-0A2C-4113-8AEE-3E94273D354E}.Debug|Any CPU.ActiveCfg = Debug|Any CPU
		{A8F9351F-0A2C-4113-8AEE-3E94273D354E}.Debug|Any CPU.Build.0 = Debug|Any CPU
		{A8F9351F-0A2C-4113-8AEE-3E94273D354E}.Release|Any CPU.ActiveCfg = Release|Any CPU
		{A8F9351F-0A2C-4113-8AEE-3E94273D354E}.Release|Any CPU.Build.0 = Release|Any CPU
	EndGlobalSection
	GlobalSection(SolutionProperties) = preSolution
		HideSolutionNode = FALSE
	EndGlobalSection
	GlobalSection(ExtensibilityGlobals) = postSolution
		SolutionGuid = {D3DF9664-5F36-47A1-AB44-D70CADFB92F4}
	EndGlobalSection
EndGlobal
